// !$*UTF8*$!
{
	archiveVersion = 1;
	classes = {
	};
	objectVersion = 50;
	objects = {

/* Begin PBXBuildFile section */
		3046CA66440F6EAFCF85396A /* Pods_APISample.framework in Frameworks */ = {isa = PBXBuildFile; fileRef = 075D02C8C15B2327B11B8E28 /* Pods_APISample.framework */; };
		9C0867AB221299210052FA5B /* tblCellSongList.swift in Sources */ = {isa = PBXBuildFile; fileRef = 9C0867AA221299210052FA5B /* tblCellSongList.swift */; };
		9C20230422116DAB004CF962 /* AppDelegate.swift in Sources */ = {isa = PBXBuildFile; fileRef = 9C20230322116DAB004CF962 /* AppDelegate.swift */; };
		9C20230622116DAB004CF962 /* ViewController.swift in Sources */ = {isa = PBXBuildFile; fileRef = 9C20230522116DAB004CF962 /* ViewController.swift */; };
		9C20230922116DAB004CF962 /* Main.storyboard in Resources */ = {isa = PBXBuildFile; fileRef = 9C20230722116DAB004CF962 /* Main.storyboard */; };
		9C20230B22116DAD004CF962 /* Assets.xcassets in Resources */ = {isa = PBXBuildFile; fileRef = 9C20230A22116DAD004CF962 /* Assets.xcassets */; };
		9C20230E22116DAD004CF962 /* LaunchScreen.storyboard in Resources */ = {isa = PBXBuildFile; fileRef = 9C20230C22116DAD004CF962 /* LaunchScreen.storyboard */; };
/* End PBXBuildFile section */

/* Begin PBXFileReference section */
		075D02C8C15B2327B11B8E28 /* Pods_APISample.framework */ = {isa = PBXFileReference; explicitFileType = wrapper.framework; includeInIndex = 0; path = Pods_APISample.framework; sourceTree = BUILT_PRODUCTS_DIR; };
		5770C78A6A8BAF1018797FF8 /* Pods-APISample.release.xcconfig */ = {isa = PBXFileReference; includeInIndex = 1; lastKnownFileType = text.xcconfig; name = "Pods-APISample.release.xcconfig"; path = "Target Support Files/Pods-APISample/Pods-APISample.release.xcconfig"; sourceTree = "<group>"; };
		9C0867AA221299210052FA5B /* tblCellSongList.swift */ = {isa = PBXFileReference; lastKnownFileType = sourcecode.swift; path = tblCellSongList.swift; sourceTree = "<group>"; };
		9C20230022116DAB004CF962 /* APISample.app */ = {isa = PBXFileReference; explicitFileType = wrapper.application; includeInIndex = 0; path = APISample.app; sourceTree = BUILT_PRODUCTS_DIR; };
		9C20230322116DAB004CF962 /* AppDelegate.swift */ = {isa = PBXFileReference; lastKnownFileType = sourcecode.swift; path = AppDelegate.swift; sourceTree = "<group>"; };
		9C20230522116DAB004CF962 /* ViewController.swift */ = {isa = PBXFileReference; lastKnownFileType = sourcecode.swift; path = ViewController.swift; sourceTree = "<group>"; };
		9C20230822116DAB004CF962 /* Base */ = {isa = PBXFileReference; lastKnownFileType = file.storyboard; name = Base; path = Base.lproj/Main.storyboard; sourceTree = "<group>"; };
		9C20230A22116DAD004CF962 /* Assets.xcassets */ = {isa = PBXFileReference; lastKnownFileType = folder.assetcatalog; path = Assets.xcassets; sourceTree = "<group>"; };
		9C20230D22116DAD004CF962 /* Base */ = {isa = PBXFileReference; lastKnownFileType = file.storyboard; name = Base; path = Base.lproj/LaunchScreen.storyboard; sourceTree = "<group>"; };
		9C20230F22116DAD004CF962 /* Info.plist */ = {isa = PBXFileReference; lastKnownFileType = text.plist.xml; path = Info.plist; sourceTree = "<group>"; };
		9CB9CAA48A5CB4070629A54F /* Pods-APISample.debug.xcconfig */ = {isa = PBXFileReference; includeInIndex = 1; lastKnownFileType = text.xcconfig; name = "Pods-APISample.debug.xcconfig"; path = "Target Support Files/Pods-APISample/Pods-APISample.debug.xcconfig"; sourceTree = "<group>"; };
/* End PBXFileReference section */

/* Begin PBXFrameworksBuildPhase section */
		9C2022FD22116DAB004CF962 /* Frameworks */ = {
			isa = PBXFrameworksBuildPhase;
			buildActionMask = 2147483647;
			files = (
				3046CA66440F6EAFCF85396A /* Pods_APISample.framework in Frameworks */,
			);
			runOnlyForDeploymentPostprocessing = 0;
		};
/* End PBXFrameworksBuildPhase section */

/* Begin PBXGroup section */
		6BE38EBA166A624AB28EFD5E /* Pods */ = {
			isa = PBXGroup;
			children = (
				9CB9CAA48A5CB4070629A54F /* Pods-APISample.debug.xcconfig */,
				5770C78A6A8BAF1018797FF8 /* Pods-APISample.release.xcconfig */,
			);
			path = Pods;
			sourceTree = "<group>";
		};
		9C2022F722116DAB004CF962 = {
			isa = PBXGroup;
			children = (
				9C20230222116DAB004CF962 /* APISample */,
				9C20230122116DAB004CF962 /* Products */,
				6BE38EBA166A624AB28EFD5E /* Pods */,
				B9909C4A02270F81FFD32402 /* Frameworks */,
			);
			sourceTree = "<group>";
		};
		9C20230122116DAB004CF962 /* Products */ = {
			isa = PBXGroup;
			children = (
				9C20230022116DAB004CF962 /* APISample.app */,
			);
			name = Products;
			sourceTree = "<group>";
		};
		9C20230222116DAB004CF962 /* APISample */ = {
			isa = PBXGroup;
			children = (
				9C20230322116DAB004CF962 /* AppDelegate.swift */,
				9C20230522116DAB004CF962 /* ViewController.swift */,
				9C0867AA221299210052FA5B /* tblCellSongList.swift */,
				9C20230722116DAB004CF962 /* Main.storyboard */,
				9C20230A22116DAD004CF962 /* Assets.xcassets */,
				9C20230C22116DAD004CF962 /* LaunchScreen.storyboard */,
				9C20230F22116DAD004CF962 /* Info.plist */,
			);
			path = APISample;
			sourceTree = "<group>";
		};
		B9909C4A02270F81FFD32402 /* Frameworks */ = {
			isa = PBXGroup;
			children = (
				075D02C8C15B2327B11B8E28 /* Pods_APISample.framework */,
			);
			name = Frameworks;
			sourceTree = "<group>";
		};
/* End PBXGroup section */

/* Begin PBXNativeTarget section */
		9C2022FF22116DAB004CF962 /* APISample */ = {
			isa = PBXNativeTarget;
			buildConfigurationList = 9C20231222116DAD004CF962 /* Build configuration list for PBXNativeTarget "APISample" */;
			buildPhases = (
				B2B5B22D6D01B30B85FA23F2 /* [CP] Check Pods Manifest.lock */,
				9C2022FC22116DAB004CF962 /* Sources */,
				9C2022FD22116DAB004CF962 /* Frameworks */,
				9C2022FE22116DAB004CF962 /* Resources */,
				9F8B9C32EB5BBFC229AD365D /* [CP] Embed Pods Frameworks */,
			);
			buildRules = (
			);
			dependencies = (
			);
			name = APISample;
			productName = APISample;
			productReference = 9C20230022116DAB004CF962 /* APISample.app */;
			productType = "com.apple.product-type.application";
		};
/* End PBXNativeTarget section */

/* Begin PBXProject section */
		9C2022F822116DAB004CF962 /* Project object */ = {
			isa = PBXProject;
			attributes = {
				LastSwiftUpdateCheck = 0940;
				LastUpgradeCheck = 0940;
				ORGANIZATIONNAME = "vidhi jayswal";
				TargetAttributes = {
					9C2022FF22116DAB004CF962 = {
						CreatedOnToolsVersion = 9.4;
					};
				};
			};
			buildConfigurationList = 9C2022FB22116DAB004CF962 /* Build configuration list for PBXProject "APISample" */;
			compatibilityVersion = "Xcode 9.3";
			developmentRegion = en;
			hasScannedForEncodings = 0;
			knownRegions = (
				en,
				Base,
			);
			mainGroup = 9C2022F722116DAB004CF962;
			productRefGroup = 9C20230122116DAB004CF962 /* Products */;
			projectDirPath = "";
			projectRoot = "";
			targets = (
				9C2022FF22116DAB004CF962 /* APISample */,
			);
		};
/* End PBXProject section */

/* Begin PBXResourcesBuildPhase section */
		9C2022FE22116DAB004CF962 /* Resources */ = {
			isa = PBXResourcesBuildPhase;
			buildActionMask = 2147483647;
			files = (
				9C20230E22116DAD004CF962 /* LaunchScreen.storyboard in Resources */,
				9C20230B22116DAD004CF962 /* Assets.xcassets in Resources */,
				9C20230922116DAB004CF962 /* Main.storyboard in Resources */,
			);
			runOnlyForDeploymentPostprocessing = 0;
		};
/* End PBXResourcesBuildPhase section */

/* Begin PBXShellScriptBuildPhase section */
		9F8B9C32EB5BBFC229AD365D /* [CP] Embed Pods Frameworks */ = {
			isa = PBXShellScriptBuildPhase;
			buildActionMask = 2147483647;
			files = (
			);
			inputPaths = (
				"${PODS_ROOT}/Target Support Files/Pods-APISample/Pods-APISample-frameworks.sh",
				"${BUILT_PRODUCTS_DIR}/Alamofire/Alamofire.framework",
				"${BUILT_PRODUCTS_DIR}/AlamofireImage/AlamofireImage.framework",
			);
			name = "[CP] Embed Pods Frameworks";
			outputPaths = (
				"${TARGET_BUILD_DIR}/${FRAMEWORKS_FOLDER_PATH}/Alamofire.framework",
				"${TARGET_BUILD_DIR}/${FRAMEWORKS_FOLDER_PATH}/AlamofireImage.framework",
			);
			runOnlyForDeploymentPostprocessing = 0;
			shellPath = /bin/sh;
			shellScript = "\"${PODS_ROOT}/Target Support Files/Pods-APISample/Pods-APISample-frameworks.sh\"\n";
			showEnvVarsInLog = 0;
		};
		B2B5B22D6D01B30B85FA23F2 /* [CP] Check Pods Manifest.lock */ = {
			isa = PBXShellScriptBuildPhase;
			buildActionMask = 2147483647;
			files = (
			);
			inputPaths = (
				"${PODS_PODFILE_DIR_PATH}/Podfile.lock",
				"${PODS_ROOT}/Manifest.lock",
			);
			name = "[CP] Check Pods Manifest.lock";
			outputPaths = (
				"$(DERIVED_FILE_DIR)/Pods-APISample-checkManifestLockResult.txt",
			);
			runOnlyForDeploymentPostprocessing = 0;
			shellPath = /bin/sh;
			shellScript = "diff \"${PODS_PODFILE_DIR_PATH}/Podfile.lock\" \"${PODS_ROOT}/Manifest.lock\" > /dev/null\nif [ $? != 0 ] ; then\n    # print error to STDERR\n    echo \"error: The sandbox is not in sync with the Podfile.lock. Run 'pod install' or update your CocoaPods installation.\" >&2\n    exit 1\nfi\n# This output is used by Xcode 'outputs' to avoid re-running this script phase.\necho \"SUCCESS\" > \"${SCRIPT_OUTPUT_FILE_0}\"\n";
			showEnvVarsInLog = 0;
		};
/* End PBXShellScriptBuildPhase section */

/* Begin PBXSourcesBuildPhase section */
		9C2022FC22116DAB004CF962 /* Sources */ = {
			isa = PBXSourcesBuildPhase;
			buildActionMask = 2147483647;
			files = (
				9C0867AB221299210052FA5B /* tblCellSongList.swift in Sources */,
				9C20230622116DAB004CF962 /* ViewController.swift in Sources */,
				9C20230422116DAB004CF962 /* AppDelegate.swift in Sources */,
			);
			runOnlyForDeploymentPostprocessing = 0;
		};
/* End PBXSourcesBuildPhase section */

/* Begin PBXVariantGroup section */
		9C20230722116DAB004CF962 /* Main.storyboard */ = {
			isa = PBXVariantGroup;
			children = (
				9C20230822116DAB004CF962 /* Base */,
			);
			name = Main.storyboard;
			sourceTree = "<group>";
		};
		9C20230C22116DAD004CF962 /* LaunchScreen.storyboard */ = {
			isa = PBXVariantGroup;
			children = (
				9C20230D22116DAD004CF962 /* Base */,
			);
			name = LaunchScreen.storyboard;
			sourceTree = "<group>";
		};
/* End PBXVariantGroup section */

/* Begin XCBuildConfiguration section */
		9C20231022116DAD004CF962 /* Debug */ = {
			isa = XCBuildConfiguration;
			buildSettings = {
				ALWAYS_SEARCH_USER_PATHS = NO;
				CLANG_ANALYZER_NONNULL = YES;
				CLANG_ANALYZER_NUMBER_OBJECT_CONVERSION = YES_AGGRESSIVE;
				CLANG_CXX_LANGUAGE_STANDARD = "gnu++14";
				CLANG_CXX_LIBRARY = "libc++";
				CLANG_ENABLE_MODULES = YES;
				CLANG_ENABLE_OBJC_ARC = YES;
				CLANG_ENABLE_OBJC_WEAK = YES;
				CLANG_WARN_BLOCK_CAPTURE_AUTORELEASING = YES;
				CLANG_WARN_BOOL_CONVERSION = YES;
				CLANG_WARN_COMMA = YES;
				CLANG_WARN_CONSTANT_CONVERSION = YES;
				CLANG_WARN_DEPRECATED_OBJC_IMPLEMENTATIONS = YES;
				CLANG_WARN_DIRECT_OBJC_ISA_USAGE = YES_ERROR;
				CLANG_WARN_DOCUMENTATION_COMMENTS = YES;
				CLANG_WARN_EMPTY_BODY = YES;
				CLANG_WARN_ENUM_CONVERSION = YES;
				CLANG_WARN_INFINITE_RECURSION = YES;
				CLANG_WARN_INT_CONVERSION = YES;
				CLANG_WARN_NON_LITERAL_NULL_CONVERSION = YES;
				CLANG_WARN_OBJC_IMPLICIT_RETAIN_SELF = YES;
				CLANG_WARN_OBJC_LITERAL_CONVERSION = YES;
				CLANG_WARN_OBJC_ROOT_CLASS = YES_ERROR;
				CLANG_WARN_RANGE_LOOP_ANALYSIS = YES;
				CLANG_WARN_STRICT_PROTOTYPES = YES;
				CLANG_WARN_SUSPICIOUS_MOVE = YES;
				CLANG_WARN_UNGUARDED_AVAILABILITY = YES_AGGRESSIVE;
				CLANG_WARN_UNREACHABLE_CODE = YES;
				CLANG_WARN__DUPLICATE_METHOD_MATCH = YES;
				CODE_SIGN_IDENTITY = "iPhone Developer";
				COPY_PHASE_STRIP = NO;
				DEBUG_INFORMATION_FORMAT = dwarf;
				ENABLE_STRICT_OBJC_MSGSEND = YES;
				ENABLE_TESTABILITY = YES;
				GCC_C_LANGUAGE_STANDARD = gnu11;
				GCC_DYNAMIC_NO_PIC = NO;
				GCC_NO_COMMON_BLOCKS = YES;
				GCC_OPTIMIZATION_LEVEL = 0;
				GCC_PREPROCESSOR_DEFINITIONS = (
					"DEBUG=1",
					"$(inherited)",
				);
				GCC_WARN_64_TO_32_BIT_CONVERSION = YES;
				GCC_WARN_ABOUT_RETURN_TYPE = YES_ERROR;
				GCC_WARN_UNDECLARED_SELECTOR = YES;
				GCC_WARN_UNINITIALIZED_AUTOS = YES_AGGRESSIVE;
				GCC_WARN_UNUSED_FUNCTION = YES;
				GCC_WARN_UNUSED_VARIABLE = YES;
				IPHONEOS_DEPLOYMENT_TARGET = 11.4;
				MTL_ENABLE_DEBUG_INFO = YES;
				ONLY_ACTIVE_ARCH = YES;
				SDKROOT = iphoneos;
				SWIFT_ACTIVE_COMPILATION_CONDITIONS = DEBUG;
				SWIFT_OPTIMIZATION_LEVEL = "-Onone";
			};
			name = Debug;
		};
		9C20231122116DAD004CF962 /* Release */ = {
			isa = XCBuildConfiguration;
			buildSettings = {
				ALWAYS_SEARCH_USER_PATHS = NO;
				CLANG_ANALYZER_NONNULL = YES;
				CLANG_ANALYZER_NUMBER_OBJECT_CONVERSION = YES_AGGRESSIVE;
				CLANG_CXX_LANGUAGE_STANDARD = "gnu++14";
				CLANG_CXX_LIBRARY = "libc++";
				CLANG_ENABLE_MODULES = YES;
				CLANG_ENABLE_OBJC_ARC = YES;
				CLANG_ENABLE_OBJC_WEAK = YES;
				CLANG_WARN_BLOCK_CAPTURE_AUTORELEASING = YES;
				CLANG_WARN_BOOL_CONVERSION = YES;
				CLANG_WARN_COMMA = YES;
				CLANG_WARN_CONSTANT_CONVERSION = YES;
				CLANG_WARN_DEPRECATED_OBJC_IMPLEMENTATIONS = YES;
				CLANG_WARN_DIRECT_OBJC_ISA_USAGE = YES_ERROR;
				CLANG_WARN_DOCUMENTATION_COMMENTS = YES;
				CLANG_WARN_EMPTY_BODY = YES;
				CLANG_WARN_ENUM_CONVERSION = YES;
				CLANG_WARN_INFINITE_RECURSION = YES;
				CLANG_WARN_INT_CONVERSION = YES;
				CLANG_WARN_NON_LITERAL_NULL_CONVERSION = YES;
				CLANG_WARN_OBJC_IMPLICIT_RETAIN_SELF = YES;
				CLANG_WARN_OBJC_LITERAL_CONVERSION = YES;
				CLANG_WARN_OBJC_ROOT_CLASS = YES_ERROR;
				CLANG_WARN_RANGE_LOOP_ANALYSIS = YES;
				CLANG_WARN_STRICT_PROTOTYPES = YES;
				CLANG_WARN_SUSPICIOUS_MOVE = YES;
				CLANG_WARN_UNGUARDED_AVAILABILITY = YES_AGGRESSIVE;
				CLANG_WARN_UNREACHABLE_CODE = YES;
				CLANG_WARN__DUPLICATE_METHOD_MATCH = YES;
				CODE_SIGN_IDENTITY = "iPhone Developer";
				COPY_PHASE_STRIP = NO;
				DEBUG_INFORMATION_FORMAT = "dwarf-with-dsym";
				ENABLE_NS_ASSERTIONS = NO;
				ENABLE_STRICT_OBJC_MSGSEND = YES;
				GCC_C_LANGUAGE_STANDARD = gnu11;
				GCC_NO_COMMON_BLOCKS = YES;
				GCC_WARN_64_TO_32_BIT_CONVERSION = YES;
				GCC_WARN_ABOUT_RETURN_TYPE = YES_ERROR;
				GCC_WARN_UNDECLARED_SELECTOR = YES;
				GCC_WARN_UNINITIALIZED_AUTOS = YES_AGGRESSIVE;
				GCC_WARN_UNUSED_FUNCTION = YES;
				GCC_WARN_UNUSED_VARIABLE = YES;
				IPHONEOS_DEPLOYMENT_TARGET = 11.4;
				MTL_ENABLE_DEBUG_INFO = NO;
				SDKROOT = iphoneos;
				SWIFT_COMPILATION_MODE = wholemodule;
				SWIFT_OPTIMIZATION_LEVEL = "-O";
				VALIDATE_PRODUCT = YES;
			};
			name = Release;
		};
		9C20231322116DAD004CF962 /* Debug */ = {
			isa = XCBuildConfiguration;
			baseConfigurationReference = 9CB9CAA48A5CB4070629A54F /* Pods-APISample.debug.xcconfig */;
			buildSettings = {
				ASSETCATALOG_COMPILER_APPICON_NAME = AppIcon;
				CODE_SIGN_STYLE = Automatic;
				INFOPLIST_FILE = APISample/Info.plist;
				LD_RUNPATH_SEARCH_PATHS = (
					"$(inherited)",
					"@executable_path/Frameworks",
				);
				PRODUCT_BUNDLE_IDENTIFIER = "new-project.APISample";
				PRODUCT_NAME = "$(TARGET_NAME)";
				SWIFT_VERSION = 4.0;
				TARGETED_DEVICE_FAMILY = "1,2";
			};
			name = Debug;
		};
		9C20231422116DAD004CF962 /* Release */ = {
			isa = XCBuildConfiguration;
			baseConfigurationReference = 5770C78A6A8BAF1018797FF8 /* Pods-APISample.release.xcconfig */;
			buildSettings = {
				ASSETCATALOG_COMPILER_APPICON_NAME = AppIcon;
				CODE_SIGN_STYLE = Automatic;
				INFOPLIST_FILE = APISample/Info.plist;
				LD_RUNPATH_SEARCH_PATHS = (
					"$(inherited)",
					"@executable_path/Frameworks",
				);
				PRODUCT_BUNDLE_IDENTIFIER = "new-project.APISample";
				PRODUCT_NAME = "$(TARGET_NAME)";
				SWIFT_VERSION = 4.0;
				TARGETED_DEVICE_FAMILY = "1,2";
			};
			name = Release;
		};
/* End XCBuildConfiguration section */

/* Begin XCConfigurationList section */
		9C2022FB22116DAB004CF962 /* Build configuration list for PBXProject "APISample" */ = {
			isa = XCConfigurationList;
			buildConfigurations = (
				9C20231022116DAD004CF962 /* Debug */,
				9C20231122116DAD004CF962 /* Release */,
			);
			defaultConfigurationIsVisible = 0;
			defaultConfigurationName = Release;
		};
		9C20231222116DAD004CF962 /* Build configuration list for PBXNativeTarget "APISample" */ = {
			isa = XCConfigurationList;
			buildConfigurations = (
				9C20231322116DAD004CF962 /* Debug */,
				9C20231422116DAD004CF962 /* Release */,
			);
			defaultConfigurationIsVisible = 0;
			defaultConfigurationName = Release;
		};
/* End XCConfigurationList section */
	};
	rootObject = 9C2022F822116DAB004CF962 /* Project object */;
}
